<?xml version="1.0" encoding="utf-8"?>
<Project ToolsVersion="4.0" xmlns="http://schemas.microsoft.com/developer/msbuild/2003">
  <ItemGroup>
    <ClCompile Include="main.cpp" />
    <ClCompile Include="socket_server.cpp" />
    <ClCompile Include="utils.cpp" />
    <ClCompile Include="work_server.cpp" />
    <ClCompile Include="log\log.cpp">
      <Filter>log</Filter>
    </ClCompile>
    <ClCompile Include="proto\test.pb.cc">
      <Filter>proto</Filter>
    </ClCompile>
  </ItemGroup>
  <ItemGroup>
    <ClInclude Include="socket_server.h" />
    <ClInclude Include="utils.h" />
    <ClInclude Include="work_server.h" />
    <ClInclude Include="log\log.h">
      <Filter>log</Filter>
    </ClInclude>
    <ClInclude Include="proto\test.pb.h">
      <Filter>proto</Filter>
    </ClInclude>
  </ItemGroup>
  <ItemGroup>
    <Filter Include="log">
      <UniqueIdentifier>{7b0fa570-18d9-468d-ae1a-33bd613e37c7}</UniqueIdentifier>
    </Filter>
    <Filter Include="proto">
      <UniqueIdentifier>{34acb656-7945-4e3e-a9b7-db0b8f0e2363}</UniqueIdentifier>
    </Filter>
  </ItemGroup>
  <ItemGroup>
    <None Include="proto\test.proto">
      <Filter>proto</Filter>
    </None>
  </ItemGroup>
</Project>