<?xml version="1.0" encoding="utf-8"?>
<Project ToolsVersion="4.0" xmlns="http://schemas.microsoft.com/developer/msbuild/2003">
  <ItemGroup>
    <ClCompile Include="main.cpp" />
    <ClCompile Include="log\log.cpp">
      <Filter>log</Filter>
    </ClCompile>
    <ClCompile Include="proto\test.pb.cc">
      <Filter>proto</Filter>
    </ClCompile>
    <ClCompile Include="proto\basereq.pb.cc">
      <Filter>proto</Filter>
    </ClCompile>
    <ClCompile Include="socket_server\socket_server.cpp">
      <Filter>socket_server</Filter>
    </ClCompile>
    <ClCompile Include="work_server\work_server.cpp">
      <Filter>work_server</Filter>
    </ClCompile>
    <ClCompile Include="utils\utils.cpp">
      <Filter>utils</Filter>
    </ClCompile>
  </ItemGroup>
  <ItemGroup>
    <ClInclude Include="log\log.h">
      <Filter>log</Filter>
    </ClInclude>
    <ClInclude Include="proto\test.pb.h">
      <Filter>proto</Filter>
    </ClInclude>
    <ClInclude Include="proto\basereq.pb.h">
      <Filter>proto</Filter>
    </ClInclude>
    <ClInclude Include="socket_server\socket_def.h">
      <Filter>socket_server</Filter>
    </ClInclude>
    <ClInclude Include="socket_server\socket_server.h">
      <Filter>socket_server</Filter>
    </ClInclude>
    <ClInclude Include="work_server\work_server.h">
      <Filter>work_server</Filter>
    </ClInclude>
    <ClInclude Include="utils\utils.h">
      <Filter>utils</Filter>
    </ClInclude>
    <ClInclude Include="base_library.h" />
    <ClInclude Include="work_server\work_def.h">
      <Filter>work_server</Filter>
    </ClInclude>
  </ItemGroup>
  <ItemGroup>
    <Filter Include="log">
      <UniqueIdentifier>{7b0fa570-18d9-468d-ae1a-33bd613e37c7}</UniqueIdentifier>
    </Filter>
    <Filter Include="proto">
      <UniqueIdentifier>{34acb656-7945-4e3e-a9b7-db0b8f0e2363}</UniqueIdentifier>
    </Filter>
    <Filter Include="socket_server">
      <UniqueIdentifier>{954bc02b-f55b-46bc-8573-2504ef98c988}</UniqueIdentifier>
    </Filter>
    <Filter Include="work_server">
      <UniqueIdentifier>{693d7411-68b0-4e88-87f1-c0beb85955fb}</UniqueIdentifier>
    </Filter>
    <Filter Include="utils">
      <UniqueIdentifier>{cfd02068-afd7-4d3c-8ceb-bb17cba92a18}</UniqueIdentifier>
    </Filter>
  </ItemGroup>
  <ItemGroup>
    <None Include="proto\test.proto">
      <Filter>proto</Filter>
    </None>
    <None Include="proto\basereq.proto">
      <Filter>proto</Filter>
    </None>
  </ItemGroup>
</Project>